
Microsoft Visual Studio Solution File, Format Version 12.00
# Visual Studio Version 17
VisualStudioVersion = 17.0.32014.148
MinimumVisualStudioVersion = 10.0.40219.1
Project("{FAE04EC0-301F-11D3-BF4B-00C04F79EFBC}") = "Lab 13", "Lab 13\Lab 13.csproj", "{396B4E43-1AE6-4699-AA45-75B70EAD1FFD}"
EndProject
Global
	GlobalSection(SolutionConfigurationPlatforms) = preSolution
		Debug|Any CPU = Debug|Any CPU
		Release|Any CPU = Release|Any CPU
	EndGlobalSection
	GlobalSection(ProjectConfigurationPlatforms) = postSolution
		{396B4E43-1AE6-4699-AA45-75B70EAD1FFD}.Debug|Any CPU.ActiveCfg = Debug|Any CPU
		{396B4E43-1AE6-4699-AA45-75B70EAD1FFD}.Debug|Any CPU.Build.0 = Debug|Any CPU
		{396B4E43-1AE6-4699-AA45-75B70EAD1FFD}.Release|Any CPU.ActiveCfg = Release|Any CPU
		{396B4E43-1AE6-4699-AA45-75B70EAD1FFD}.Release|Any CPU.Build.0 = Release|Any CPU
	EndGlobalSection
	GlobalSection(SolutionProperties) = preSolution
		HideSolutionNode = FALSE
	EndGlobalSection
	GlobalSection(ExtensibilityGlobals) = postSolution
		SolutionGuid = {1232AAB0-9086-4089-A7E7-9BE44D49EBB2}
	EndGlobalSection
EndGlobal
